
Microsoft Visual Studio Solution File, Format Version 12.00
# Visual Studio Version 16
VisualStudioVersion = 16.0.31624.102
MinimumVisualStudioVersion = 10.0.40219.1
Project("{FAE04EC0-301F-11D3-BF4B-00C04F79EFBC}") = "Exam_x", "Exam_x.csproj", "{ED48AF29-CF6B-42BC-87E1-D66CDA6CE86D}"
EndProject
Global
	GlobalSection(SolutionConfigurationPlatforms) = preSolution
		Debug|Any CPU = Debug|Any CPU
		Release|Any CPU = Release|Any CPU
	EndGlobalSection
	GlobalSection(ProjectConfigurationPlatforms) = postSolution
		{ED48AF29-CF6B-42BC-87E1-D66CDA6CE86D}.Debug|Any CPU.ActiveCfg = Debug|Any CPU
		{ED48AF29-CF6B-42BC-87E1-D66CDA6CE86D}.Debug|Any CPU.Build.0 = Debug|Any CPU
		{ED48AF29-CF6B-42BC-87E1-D66CDA6CE86D}.Release|Any CPU.ActiveCfg = Release|Any CPU
		{ED48AF29-CF6B-42BC-87E1-D66CDA6CE86D}.Release|Any CPU.Build.0 = Release|Any CPU
	EndGlobalSection
	GlobalSection(SolutionProperties) = preSolution
		HideSolutionNode = FALSE
	EndGlobalSection
	GlobalSection(ExtensibilityGlobals) = postSolution
		SolutionGuid = {652D5F4C-C3C5-410A-A8E4-8790999B2749}
	EndGlobalSection
EndGlobal
