
Microsoft Visual Studio Solution File, Format Version 12.00
# Visual Studio Version 16
VisualStudioVersion = 16.0.31624.102
MinimumVisualStudioVersion = 10.0.40219.1
Project("{FAE04EC0-301F-11D3-BF4B-00C04F79EFBC}") = "Ev_Exam", "Ev_Exam.csproj", "{C9E76B70-E2FE-4DD5-BA4E-A6B14BE7CDAF}"
EndProject
Global
	GlobalSection(SolutionConfigurationPlatforms) = preSolution
		Debug|Any CPU = Debug|Any CPU
		Release|Any CPU = Release|Any CPU
	EndGlobalSection
	GlobalSection(ProjectConfigurationPlatforms) = postSolution
		{C9E76B70-E2FE-4DD5-BA4E-A6B14BE7CDAF}.Debug|Any CPU.ActiveCfg = Debug|Any CPU
		{C9E76B70-E2FE-4DD5-BA4E-A6B14BE7CDAF}.Debug|Any CPU.Build.0 = Debug|Any CPU
		{C9E76B70-E2FE-4DD5-BA4E-A6B14BE7CDAF}.Release|Any CPU.ActiveCfg = Release|Any CPU
		{C9E76B70-E2FE-4DD5-BA4E-A6B14BE7CDAF}.Release|Any CPU.Build.0 = Release|Any CPU
	EndGlobalSection
	GlobalSection(SolutionProperties) = preSolution
		HideSolutionNode = FALSE
	EndGlobalSection
	GlobalSection(ExtensibilityGlobals) = postSolution
		SolutionGuid = {5FE67DFD-66AD-4C21-9611-AE5048413A24}
	EndGlobalSection
EndGlobal
